
Microsoft Visual Studio Solution File, Format Version 12.00
# Visual Studio Version 17
VisualStudioVersion = 17.12.35707.178
MinimumVisualStudioVersion = 10.0.40219.1
Project("{FAE04EC0-301F-11D3-BF4B-00C04F79EFBC}") = "QualityManager", "QualityManager\QualityManager.csproj", "{03345585-6D06-446F-B49A-104C351B74A5}"
EndProject
Project("{2150E333-8FDC-42A3-9474-1A3956D46DE8}") = "Src", "Src", "{E0FD8AC2-323E-451A-9ED9-0F72A8317C5E}"
EndProject
Project("{2150E333-8FDC-42A3-9474-1A3956D46DE8}") = "Presentation", "Presentation", "{6F1BF4EB-57A3-4CE5-8E6F-B36197B5F08C}"
EndProject
Project("{2150E333-8FDC-42A3-9474-1A3956D46DE8}") = "Core", "Core", "{0E3D9A7F-44C4-4191-AEA3-5E6358CB6E54}"
EndProject
Project("{FAE04EC0-301F-11D3-BF4B-00C04F79EFBC}") = "Domain", "Domain\Domain.csproj", "{A07CAD8E-CF77-4B03-952A-082A5ABE6826}"
EndProject
Project("{FAE04EC0-301F-11D3-BF4B-00C04F79EFBC}") = "Application", "Application\Application.csproj", "{E79B2117-11D9-4639-94CC-E908F2BA813D}"
EndProject
Project("{2150E333-8FDC-42A3-9474-1A3956D46DE8}") = "Infrastructure", "Infrastructure", "{06795415-C355-4D26-BC21-5DA8BD45FF71}"
EndProject
Project("{FAE04EC0-301F-11D3-BF4B-00C04F79EFBC}") = "Infrastructure", "Infrastructure\Infrastructure.csproj", "{62C6766A-43F4-474D-8FD9-8A34033AEBC9}"
EndProject
Project("{FAE04EC0-301F-11D3-BF4B-00C04F79EFBC}") = "AnalysisEngine", "AnalysisEngine\AnalysisEngine.csproj", "{25BACE6F-787D-4FEB-9027-50B0624AC629}"
EndProject
Project("{E53339B2-1760-4266-BCC7-CA923CBCF16C}") = "docker-compose", "docker-compose.dcproj", "{129C8FAB-B305-4669-90DA-975A1D19E8B9}"
EndProject
Project("{FAE04EC0-301F-11D3-BF4B-00C04F79EFBC}") = "Application.IntegrationTests", "Tests\Application.IntegrationTests\Application.IntegrationTests.csproj", "{C4C78DDF-9F76-4E48-BE57-4AB48C5E9566}"
EndProject
Project("{2150E333-8FDC-42A3-9474-1A3956D46DE8}") = "Test", "Test", "{A86794B5-4C11-4083-82E5-12FEEF45AB64}"
EndProject
Global
	GlobalSection(SolutionConfigurationPlatforms) = preSolution
		Debug|Any CPU = Debug|Any CPU
		Release|Any CPU = Release|Any CPU
	EndGlobalSection
	GlobalSection(ProjectConfigurationPlatforms) = postSolution
		{03345585-6D06-446F-B49A-104C351B74A5}.Debug|Any CPU.ActiveCfg = Debug|Any CPU
		{03345585-6D06-446F-B49A-104C351B74A5}.Debug|Any CPU.Build.0 = Debug|Any CPU
		{03345585-6D06-446F-B49A-104C351B74A5}.Release|Any CPU.ActiveCfg = Release|Any CPU
		{03345585-6D06-446F-B49A-104C351B74A5}.Release|Any CPU.Build.0 = Release|Any CPU
		{A07CAD8E-CF77-4B03-952A-082A5ABE6826}.Debug|Any CPU.ActiveCfg = Debug|Any CPU
		{A07CAD8E-CF77-4B03-952A-082A5ABE6826}.Debug|Any CPU.Build.0 = Debug|Any CPU
		{A07CAD8E-CF77-4B03-952A-082A5ABE6826}.Release|Any CPU.ActiveCfg = Release|Any CPU
		{A07CAD8E-CF77-4B03-952A-082A5ABE6826}.Release|Any CPU.Build.0 = Release|Any CPU
		{E79B2117-11D9-4639-94CC-E908F2BA813D}.Debug|Any CPU.ActiveCfg = Debug|Any CPU
		{E79B2117-11D9-4639-94CC-E908F2BA813D}.Debug|Any CPU.Build.0 = Debug|Any CPU
		{E79B2117-11D9-4639-94CC-E908F2BA813D}.Release|Any CPU.ActiveCfg = Release|Any CPU
		{E79B2117-11D9-4639-94CC-E908F2BA813D}.Release|Any CPU.Build.0 = Release|Any CPU
		{62C6766A-43F4-474D-8FD9-8A34033AEBC9}.Debug|Any CPU.ActiveCfg = Debug|Any CPU
		{62C6766A-43F4-474D-8FD9-8A34033AEBC9}.Debug|Any CPU.Build.0 = Debug|Any CPU
		{62C6766A-43F4-474D-8FD9-8A34033AEBC9}.Release|Any CPU.ActiveCfg = Release|Any CPU
		{62C6766A-43F4-474D-8FD9-8A34033AEBC9}.Release|Any CPU.Build.0 = Release|Any CPU
		{25BACE6F-787D-4FEB-9027-50B0624AC629}.Debug|Any CPU.ActiveCfg = Debug|Any CPU
		{25BACE6F-787D-4FEB-9027-50B0624AC629}.Debug|Any CPU.Build.0 = Debug|Any CPU
		{25BACE6F-787D-4FEB-9027-50B0624AC629}.Release|Any CPU.ActiveCfg = Release|Any CPU
		{25BACE6F-787D-4FEB-9027-50B0624AC629}.Release|Any CPU.Build.0 = Release|Any CPU
		{129C8FAB-B305-4669-90DA-975A1D19E8B9}.Debug|Any CPU.ActiveCfg = Debug|Any CPU
		{129C8FAB-B305-4669-90DA-975A1D19E8B9}.Debug|Any CPU.Build.0 = Debug|Any CPU
		{129C8FAB-B305-4669-90DA-975A1D19E8B9}.Release|Any CPU.ActiveCfg = Release|Any CPU
		{129C8FAB-B305-4669-90DA-975A1D19E8B9}.Release|Any CPU.Build.0 = Release|Any CPU
		{C4C78DDF-9F76-4E48-BE57-4AB48C5E9566}.Debug|Any CPU.ActiveCfg = Debug|Any CPU
		{C4C78DDF-9F76-4E48-BE57-4AB48C5E9566}.Debug|Any CPU.Build.0 = Debug|Any CPU
		{C4C78DDF-9F76-4E48-BE57-4AB48C5E9566}.Release|Any CPU.ActiveCfg = Release|Any CPU
		{C4C78DDF-9F76-4E48-BE57-4AB48C5E9566}.Release|Any CPU.Build.0 = Release|Any CPU
	EndGlobalSection
	GlobalSection(SolutionProperties) = preSolution
		HideSolutionNode = FALSE
	EndGlobalSection
	GlobalSection(NestedProjects) = preSolution
		{03345585-6D06-446F-B49A-104C351B74A5} = {6F1BF4EB-57A3-4CE5-8E6F-B36197B5F08C}
		{6F1BF4EB-57A3-4CE5-8E6F-B36197B5F08C} = {E0FD8AC2-323E-451A-9ED9-0F72A8317C5E}
		{0E3D9A7F-44C4-4191-AEA3-5E6358CB6E54} = {E0FD8AC2-323E-451A-9ED9-0F72A8317C5E}
		{A07CAD8E-CF77-4B03-952A-082A5ABE6826} = {0E3D9A7F-44C4-4191-AEA3-5E6358CB6E54}
		{E79B2117-11D9-4639-94CC-E908F2BA813D} = {0E3D9A7F-44C4-4191-AEA3-5E6358CB6E54}
		{06795415-C355-4D26-BC21-5DA8BD45FF71} = {E0FD8AC2-323E-451A-9ED9-0F72A8317C5E}
		{62C6766A-43F4-474D-8FD9-8A34033AEBC9} = {06795415-C355-4D26-BC21-5DA8BD45FF71}
		{25BACE6F-787D-4FEB-9027-50B0624AC629} = {6F1BF4EB-57A3-4CE5-8E6F-B36197B5F08C}
		{C4C78DDF-9F76-4E48-BE57-4AB48C5E9566} = {A86794B5-4C11-4083-82E5-12FEEF45AB64}
	EndGlobalSection
EndGlobal
